
Microsoft Visual Studio Solution File, Format Version 12.00
# Visual Studio 15
VisualStudioVersion = 15.0.27004.2010
MinimumVisualStudioVersion = 10.0.40219.1
Project("{FAE04EC0-301F-11D3-BF4B-00C04F79EFBC}") = "Trgovina_app", "Trgovina_app\Trgovina_app.csproj", "{10CDC3A1-28D3-4651-A77A-490117F2D9B8}"
EndProject
Global
	GlobalSection(SolutionConfigurationPlatforms) = preSolution
		Debug|Any CPU = Debug|Any CPU
		Release|Any CPU = Release|Any CPU
	EndGlobalSection
	GlobalSection(ProjectConfigurationPlatforms) = postSolution
		{10CDC3A1-28D3-4651-A77A-490117F2D9B8}.Debug|Any CPU.ActiveCfg = Debug|Any CPU
		{10CDC3A1-28D3-4651-A77A-490117F2D9B8}.Debug|Any CPU.Build.0 = Debug|Any CPU
		{10CDC3A1-28D3-4651-A77A-490117F2D9B8}.Release|Any CPU.ActiveCfg = Release|Any CPU
		{10CDC3A1-28D3-4651-A77A-490117F2D9B8}.Release|Any CPU.Build.0 = Release|Any CPU
	EndGlobalSection
	GlobalSection(SolutionProperties) = preSolution
		HideSolutionNode = FALSE
	EndGlobalSection
	GlobalSection(ExtensibilityGlobals) = postSolution
		SolutionGuid = {0E4E922B-B37D-440C-A74D-A11305119B19}
	EndGlobalSection
EndGlobal
